// !$*UTF8*$!
{
	archiveVersion = 1;
	classes = {
	};
	objectVersion = 51;
	objects = {

/* Begin PBXBuildFile section */
		10689FA675CE067F7AEEC489 /* Pods_RestImageRender_RestImageRenderUITests.framework in Frameworks */ = {isa = PBXBuildFile; fileRef = 739458F5521C1A8DEB8A1855 /* Pods_RestImageRender_RestImageRenderUITests.framework */; };
		16F65DD390A886C2A55D6DDE /* Pods_RestImageRender.framework in Frameworks */ = {isa = PBXBuildFile; fileRef = 82FE5D53849B39F9B058BD99 /* Pods_RestImageRender.framework */; };
		2688660124A7912900E8E18C /* RIRError.swift in Sources */ = {isa = PBXBuildFile; fileRef = 2688660024A7912900E8E18C /* RIRError.swift */; };
		26A084DA24A6561C00FF2922 /* ImageViewData.swift in Sources */ = {isa = PBXBuildFile; fileRef = 26A084D924A6561C00FF2922 /* ImageViewData.swift */; };
		26E3DA2D24A3C31200E00A3D /* AppDelegate.swift in Sources */ = {isa = PBXBuildFile; fileRef = 26E3DA2C24A3C31200E00A3D /* AppDelegate.swift */; };
		26E3DA3624A3C31400E00A3D /* Assets.xcassets in Resources */ = {isa = PBXBuildFile; fileRef = 26E3DA3524A3C31400E00A3D /* Assets.xcassets */; };
		26E3DA3924A3C31400E00A3D /* LaunchScreen.storyboard in Resources */ = {isa = PBXBuildFile; fileRef = 26E3DA3724A3C31400E00A3D /* LaunchScreen.storyboard */; };
		26E3DA4424A3C31400E00A3D /* RestImageRenderTests.swift in Sources */ = {isa = PBXBuildFile; fileRef = 26E3DA4324A3C31400E00A3D /* RestImageRenderTests.swift */; };
		26E3DA4F24A3C31400E00A3D /* RestImageRenderUITests.swift in Sources */ = {isa = PBXBuildFile; fileRef = 26E3DA4E24A3C31400E00A3D /* RestImageRenderUITests.swift */; };
		26E3DA6624A3C53100E00A3D /* App.strings in Resources */ = {isa = PBXBuildFile; fileRef = 26E3DA6824A3C53100E00A3D /* App.strings */; };
		26E3DA6A24A3C56800E00A3D /* Localization.swift in Sources */ = {isa = PBXBuildFile; fileRef = 26E3DA6924A3C56800E00A3D /* Localization.swift */; };
		26E3DA6E24A3D6B800E00A3D /* RIR.staging.xcconfig in Resources */ = {isa = PBXBuildFile; fileRef = 26E3DA6B24A3D6B700E00A3D /* RIR.staging.xcconfig */; };
		26E3DA6F24A3D6B800E00A3D /* RIR.debug.xcconfig in Resources */ = {isa = PBXBuildFile; fileRef = 26E3DA6C24A3D6B700E00A3D /* RIR.debug.xcconfig */; };
		26E3DA7024A3D6B800E00A3D /* RIR.release.xcconfig in Resources */ = {isa = PBXBuildFile; fileRef = 26E3DA6D24A3D6B800E00A3D /* RIR.release.xcconfig */; };
		26E3DA7724A3D87500E00A3D /* Constants.swift in Sources */ = {isa = PBXBuildFile; fileRef = 26E3DA7524A3D87400E00A3D /* Constants.swift */; };
		26E3DA7824A3D87500E00A3D /* Utils.swift in Sources */ = {isa = PBXBuildFile; fileRef = 26E3DA7624A3D87500E00A3D /* Utils.swift */; };
		26E3DA7A24A3D99400E00A3D /* AppCoordinator.swift in Sources */ = {isa = PBXBuildFile; fileRef = 26E3DA7924A3D99400E00A3D /* AppCoordinator.swift */; };
		26E3DA7D24A3DA1100E00A3D /* ImageListViewController.swift in Sources */ = {isa = PBXBuildFile; fileRef = 26E3DA7C24A3DA1100E00A3D /* ImageListViewController.swift */; };
		26E3DA7F24A3DA3100E00A3D /* ImageListViewModel.swift in Sources */ = {isa = PBXBuildFile; fileRef = 26E3DA7E24A3DA3100E00A3D /* ImageListViewModel.swift */; };
		26E3DA8124A3DA5A00E00A3D /* ImageListCoordinator.swift in Sources */ = {isa = PBXBuildFile; fileRef = 26E3DA8024A3DA5A00E00A3D /* ImageListCoordinator.swift */; };
		26E3DA8324A3DA8B00E00A3D /* Image.swift in Sources */ = {isa = PBXBuildFile; fileRef = 26E3DA8224A3DA8B00E00A3D /* Image.swift */; };
		26E3DA8624A3FCAA00E00A3D /* RestClient.swift in Sources */ = {isa = PBXBuildFile; fileRef = 26E3DA8524A3FCAA00E00A3D /* RestClient.swift */; };
		26EA673824A5354B00B6C02C /* ImageCollectionViewCell.swift in Sources */ = {isa = PBXBuildFile; fileRef = 26EA673724A5354B00B6C02C /* ImageCollectionViewCell.swift */; };
		CB1C8410D26A310A55C6F2F0 /* Pods_RestImageRenderTests.framework in Frameworks */ = {isa = PBXBuildFile; fileRef = F9CEA7F208AE57317CF00DFB /* Pods_RestImageRenderTests.framework */; };
/* End PBXBuildFile section */

/* Begin PBXContainerItemProxy section */
		26E3DA4024A3C31400E00A3D /* PBXContainerItemProxy */ = {
			isa = PBXContainerItemProxy;
			containerPortal = 26E3DA2124A3C31200E00A3D /* Project object */;
			proxyType = 1;
			remoteGlobalIDString = 26E3DA2824A3C31200E00A3D;
			remoteInfo = RestImageRender;
		};
		26E3DA4B24A3C31400E00A3D /* PBXContainerItemProxy */ = {
			isa = PBXContainerItemProxy;
			containerPortal = 26E3DA2124A3C31200E00A3D /* Project object */;
			proxyType = 1;
			remoteGlobalIDString = 26E3DA2824A3C31200E00A3D;
			remoteInfo = RestImageRender;
		};
/* End PBXContainerItemProxy section */

/* Begin PBXFileReference section */
		035AB7FB1498D83A85BDFFD6 /* Pods-RestImageRender-RestImageRenderUITests.staging.xcconfig */ = {isa = PBXFileReference; includeInIndex = 1; lastKnownFileType = text.xcconfig; name = "Pods-RestImageRender-RestImageRenderUITests.staging.xcconfig"; path = "Target Support Files/Pods-RestImageRender-RestImageRenderUITests/Pods-RestImageRender-RestImageRenderUITests.staging.xcconfig"; sourceTree = "<group>"; };
		2688660024A7912900E8E18C /* RIRError.swift */ = {isa = PBXFileReference; lastKnownFileType = sourcecode.swift; path = RIRError.swift; sourceTree = "<group>"; };
		26A084D924A6561C00FF2922 /* ImageViewData.swift */ = {isa = PBXFileReference; lastKnownFileType = sourcecode.swift; path = ImageViewData.swift; sourceTree = "<group>"; };
		26E3DA2924A3C31200E00A3D /* RestImageRender.app */ = {isa = PBXFileReference; explicitFileType = wrapper.application; includeInIndex = 0; path = RestImageRender.app; sourceTree = BUILT_PRODUCTS_DIR; };
		26E3DA2C24A3C31200E00A3D /* AppDelegate.swift */ = {isa = PBXFileReference; lastKnownFileType = sourcecode.swift; path = AppDelegate.swift; sourceTree = "<group>"; };
		26E3DA3524A3C31400E00A3D /* Assets.xcassets */ = {isa = PBXFileReference; lastKnownFileType = folder.assetcatalog; path = Assets.xcassets; sourceTree = "<group>"; };
		26E3DA3824A3C31400E00A3D /* Base */ = {isa = PBXFileReference; lastKnownFileType = file.storyboard; name = Base; path = Base.lproj/LaunchScreen.storyboard; sourceTree = "<group>"; };
		26E3DA3A24A3C31400E00A3D /* Info.plist */ = {isa = PBXFileReference; lastKnownFileType = text.plist.xml; path = Info.plist; sourceTree = "<group>"; };
		26E3DA3F24A3C31400E00A3D /* RestImageRenderTests.xctest */ = {isa = PBXFileReference; explicitFileType = wrapper.cfbundle; includeInIndex = 0; path = RestImageRenderTests.xctest; sourceTree = BUILT_PRODUCTS_DIR; };
		26E3DA4324A3C31400E00A3D /* RestImageRenderTests.swift */ = {isa = PBXFileReference; lastKnownFileType = sourcecode.swift; path = RestImageRenderTests.swift; sourceTree = "<group>"; };
		26E3DA4524A3C31400E00A3D /* Info.plist */ = {isa = PBXFileReference; lastKnownFileType = text.plist.xml; path = Info.plist; sourceTree = "<group>"; };
		26E3DA4A24A3C31400E00A3D /* RestImageRenderUITests.xctest */ = {isa = PBXFileReference; explicitFileType = wrapper.cfbundle; includeInIndex = 0; path = RestImageRenderUITests.xctest; sourceTree = BUILT_PRODUCTS_DIR; };
		26E3DA4E24A3C31400E00A3D /* RestImageRenderUITests.swift */ = {isa = PBXFileReference; lastKnownFileType = sourcecode.swift; path = RestImageRenderUITests.swift; sourceTree = "<group>"; };
		26E3DA5024A3C31400E00A3D /* Info.plist */ = {isa = PBXFileReference; lastKnownFileType = text.plist.xml; path = Info.plist; sourceTree = "<group>"; };
		26E3DA6724A3C53100E00A3D /* en */ = {isa = PBXFileReference; lastKnownFileType = text.plist.strings; name = en; path = en.lproj/App.strings; sourceTree = "<group>"; };
		26E3DA6924A3C56800E00A3D /* Localization.swift */ = {isa = PBXFileReference; fileEncoding = 4; lastKnownFileType = sourcecode.swift; path = Localization.swift; sourceTree = "<group>"; };
		26E3DA6B24A3D6B700E00A3D /* RIR.staging.xcconfig */ = {isa = PBXFileReference; fileEncoding = 4; lastKnownFileType = text.xcconfig; path = RIR.staging.xcconfig; sourceTree = "<group>"; };
		26E3DA6C24A3D6B700E00A3D /* RIR.debug.xcconfig */ = {isa = PBXFileReference; fileEncoding = 4; lastKnownFileType = text.xcconfig; path = RIR.debug.xcconfig; sourceTree = "<group>"; };
		26E3DA6D24A3D6B800E00A3D /* RIR.release.xcconfig */ = {isa = PBXFileReference; fileEncoding = 4; lastKnownFileType = text.xcconfig; path = RIR.release.xcconfig; sourceTree = "<group>"; };
		26E3DA7524A3D87400E00A3D /* Constants.swift */ = {isa = PBXFileReference; fileEncoding = 4; lastKnownFileType = sourcecode.swift; path = Constants.swift; sourceTree = "<group>"; };
		26E3DA7624A3D87500E00A3D /* Utils.swift */ = {isa = PBXFileReference; fileEncoding = 4; lastKnownFileType = sourcecode.swift; path = Utils.swift; sourceTree = "<group>"; };
		26E3DA7924A3D99400E00A3D /* AppCoordinator.swift */ = {isa = PBXFileReference; lastKnownFileType = sourcecode.swift; path = AppCoordinator.swift; sourceTree = "<group>"; };
		26E3DA7C24A3DA1100E00A3D /* ImageListViewController.swift */ = {isa = PBXFileReference; lastKnownFileType = sourcecode.swift; path = ImageListViewController.swift; sourceTree = "<group>"; };
		26E3DA7E24A3DA3100E00A3D /* ImageListViewModel.swift */ = {isa = PBXFileReference; lastKnownFileType = sourcecode.swift; path = ImageListViewModel.swift; sourceTree = "<group>"; };
		26E3DA8024A3DA5A00E00A3D /* ImageListCoordinator.swift */ = {isa = PBXFileReference; lastKnownFileType = sourcecode.swift; path = ImageListCoordinator.swift; sourceTree = "<group>"; };
		26E3DA8224A3DA8B00E00A3D /* Image.swift */ = {isa = PBXFileReference; lastKnownFileType = sourcecode.swift; path = Image.swift; sourceTree = "<group>"; };
		26E3DA8524A3FCAA00E00A3D /* RestClient.swift */ = {isa = PBXFileReference; lastKnownFileType = sourcecode.swift; path = RestClient.swift; sourceTree = "<group>"; };
		26EA673724A5354B00B6C02C /* ImageCollectionViewCell.swift */ = {isa = PBXFileReference; lastKnownFileType = sourcecode.swift; path = ImageCollectionViewCell.swift; sourceTree = "<group>"; };
		6BBDAAE7C91A94C75BFF9BA7 /* Pods-RestImageRenderTests.debug.xcconfig */ = {isa = PBXFileReference; includeInIndex = 1; lastKnownFileType = text.xcconfig; name = "Pods-RestImageRenderTests.debug.xcconfig"; path = "Target Support Files/Pods-RestImageRenderTests/Pods-RestImageRenderTests.debug.xcconfig"; sourceTree = "<group>"; };
		739458F5521C1A8DEB8A1855 /* Pods_RestImageRender_RestImageRenderUITests.framework */ = {isa = PBXFileReference; explicitFileType = wrapper.framework; includeInIndex = 0; path = Pods_RestImageRender_RestImageRenderUITests.framework; sourceTree = BUILT_PRODUCTS_DIR; };
		82FE5D53849B39F9B058BD99 /* Pods_RestImageRender.framework */ = {isa = PBXFileReference; explicitFileType = wrapper.framework; includeInIndex = 0; path = Pods_RestImageRender.framework; sourceTree = BUILT_PRODUCTS_DIR; };
		877A59E8C1F9539C579CBCB3 /* Pods-RestImageRender.release.xcconfig */ = {isa = PBXFileReference; includeInIndex = 1; lastKnownFileType = text.xcconfig; name = "Pods-RestImageRender.release.xcconfig"; path = "Target Support Files/Pods-RestImageRender/Pods-RestImageRender.release.xcconfig"; sourceTree = "<group>"; };
		94EDD09A76F181213552E195 /* Pods-RestImageRender.debug.xcconfig */ = {isa = PBXFileReference; includeInIndex = 1; lastKnownFileType = text.xcconfig; name = "Pods-RestImageRender.debug.xcconfig"; path = "Target Support Files/Pods-RestImageRender/Pods-RestImageRender.debug.xcconfig"; sourceTree = "<group>"; };
		96B8408737E1C809D1F67609 /* Pods-RestImageRenderTests.release.xcconfig */ = {isa = PBXFileReference; includeInIndex = 1; lastKnownFileType = text.xcconfig; name = "Pods-RestImageRenderTests.release.xcconfig"; path = "Target Support Files/Pods-RestImageRenderTests/Pods-RestImageRenderTests.release.xcconfig"; sourceTree = "<group>"; };
		9CFD089F923141335EAE9738 /* Pods-RestImageRender.staging.xcconfig */ = {isa = PBXFileReference; includeInIndex = 1; lastKnownFileType = text.xcconfig; name = "Pods-RestImageRender.staging.xcconfig"; path = "Target Support Files/Pods-RestImageRender/Pods-RestImageRender.staging.xcconfig"; sourceTree = "<group>"; };
		C29B4E51A37998C42B64FF3C /* Pods-RestImageRender-RestImageRenderUITests.debug.xcconfig */ = {isa = PBXFileReference; includeInIndex = 1; lastKnownFileType = text.xcconfig; name = "Pods-RestImageRender-RestImageRenderUITests.debug.xcconfig"; path = "Target Support Files/Pods-RestImageRender-RestImageRenderUITests/Pods-RestImageRender-RestImageRenderUITests.debug.xcconfig"; sourceTree = "<group>"; };
		C48E8DEF960A336FDFE93D23 /* Pods-RestImageRender-RestImageRenderUITests.release.xcconfig */ = {isa = PBXFileReference; includeInIndex = 1; lastKnownFileType = text.xcconfig; name = "Pods-RestImageRender-RestImageRenderUITests.release.xcconfig"; path = "Target Support Files/Pods-RestImageRender-RestImageRenderUITests/Pods-RestImageRender-RestImageRenderUITests.release.xcconfig"; sourceTree = "<group>"; };
		D493E58FBBCEF2F18E21BCF4 /* Pods-RestImageRenderTests.staging.xcconfig */ = {isa = PBXFileReference; includeInIndex = 1; lastKnownFileType = text.xcconfig; name = "Pods-RestImageRenderTests.staging.xcconfig"; path = "Target Support Files/Pods-RestImageRenderTests/Pods-RestImageRenderTests.staging.xcconfig"; sourceTree = "<group>"; };
		F9CEA7F208AE57317CF00DFB /* Pods_RestImageRenderTests.framework */ = {isa = PBXFileReference; explicitFileType = wrapper.framework; includeInIndex = 0; path = Pods_RestImageRenderTests.framework; sourceTree = BUILT_PRODUCTS_DIR; };
/* End PBXFileReference section */

/* Begin PBXFrameworksBuildPhase section */
		26E3DA2624A3C31200E00A3D /* Frameworks */ = {
			isa = PBXFrameworksBuildPhase;
			buildActionMask = 2147483647;
			files = (
				16F65DD390A886C2A55D6DDE /* Pods_RestImageRender.framework in Frameworks */,
			);
			runOnlyForDeploymentPostprocessing = 0;
		};
		26E3DA3C24A3C31400E00A3D /* Frameworks */ = {
			isa = PBXFrameworksBuildPhase;
			buildActionMask = 2147483647;
			files = (
				CB1C8410D26A310A55C6F2F0 /* Pods_RestImageRenderTests.framework in Frameworks */,
			);
			runOnlyForDeploymentPostprocessing = 0;
		};
		26E3DA4724A3C31400E00A3D /* Frameworks */ = {
			isa = PBXFrameworksBuildPhase;
			buildActionMask = 2147483647;
			files = (
				10689FA675CE067F7AEEC489 /* Pods_RestImageRender_RestImageRenderUITests.framework in Frameworks */,
			);
			runOnlyForDeploymentPostprocessing = 0;
		};
/* End PBXFrameworksBuildPhase section */

/* Begin PBXGroup section */
		084FB05742EB1438FBDF323F /* Frameworks */ = {
			isa = PBXGroup;
			children = (
				82FE5D53849B39F9B058BD99 /* Pods_RestImageRender.framework */,
				739458F5521C1A8DEB8A1855 /* Pods_RestImageRender_RestImageRenderUITests.framework */,
				F9CEA7F208AE57317CF00DFB /* Pods_RestImageRenderTests.framework */,
			);
			name = Frameworks;
			sourceTree = "<group>";
		};
		26E3DA2024A3C31200E00A3D = {
			isa = PBXGroup;
			children = (
				26E3DA2B24A3C31200E00A3D /* RestImageRender */,
				26E3DA4224A3C31400E00A3D /* RestImageRenderTests */,
				26E3DA4D24A3C31400E00A3D /* RestImageRenderUITests */,
				26E3DA2A24A3C31200E00A3D /* Products */,
				817FAC590ED079E00180BFFC /* Pods */,
				084FB05742EB1438FBDF323F /* Frameworks */,
			);
			sourceTree = "<group>";
		};
		26E3DA2A24A3C31200E00A3D /* Products */ = {
			isa = PBXGroup;
			children = (
				26E3DA2924A3C31200E00A3D /* RestImageRender.app */,
				26E3DA3F24A3C31400E00A3D /* RestImageRenderTests.xctest */,
				26E3DA4A24A3C31400E00A3D /* RestImageRenderUITests.xctest */,
			);
			name = Products;
			sourceTree = "<group>";
		};
		26E3DA2B24A3C31200E00A3D /* RestImageRender */ = {
			isa = PBXGroup;
			children = (
				26E3DA5F24A3C4B600E00A3D /* Localization */,
				26E3DA5E24A3C4A100E00A3D /* Environment */,
				26E3DA5D24A3C49600E00A3D /* App */,
				26E3DA5C24A3C48900E00A3D /* Resource */,
				26E3DA2C24A3C31200E00A3D /* AppDelegate.swift */,
				26E3DA7924A3D99400E00A3D /* AppCoordinator.swift */,
				26E3DA3524A3C31400E00A3D /* Assets.xcassets */,
				26E3DA3724A3C31400E00A3D /* LaunchScreen.storyboard */,
				26E3DA3A24A3C31400E00A3D /* Info.plist */,
			);
			path = RestImageRender;
			sourceTree = "<group>";
		};
		26E3DA4224A3C31400E00A3D /* RestImageRenderTests */ = {
			isa = PBXGroup;
			children = (
				26E3DA4324A3C31400E00A3D /* RestImageRenderTests.swift */,
				26E3DA4524A3C31400E00A3D /* Info.plist */,
			);
			path = RestImageRenderTests;
			sourceTree = "<group>";
		};
		26E3DA4D24A3C31400E00A3D /* RestImageRenderUITests */ = {
			isa = PBXGroup;
			children = (
				26E3DA4E24A3C31400E00A3D /* RestImageRenderUITests.swift */,
				26E3DA5024A3C31400E00A3D /* Info.plist */,
			);
			path = RestImageRenderUITests;
			sourceTree = "<group>";
		};
		26E3DA5C24A3C48900E00A3D /* Resource */ = {
			isa = PBXGroup;
			children = (
			);
			path = Resource;
			sourceTree = "<group>";
		};
		26E3DA5D24A3C49600E00A3D /* App */ = {
			isa = PBXGroup;
			children = (
				26E3DA6324A3C4DE00E00A3D /* Utility */,
				26E3DA6224A3C4D000E00A3D /* Service */,
				26E3DA6124A3C4C700E00A3D /* Scene */,
				26E3DA6024A3C4BE00E00A3D /* Model */,
			);
			path = App;
			sourceTree = "<group>";
		};
		26E3DA5E24A3C4A100E00A3D /* Environment */ = {
			isa = PBXGroup;
			children = (
				26E3DA6C24A3D6B700E00A3D /* RIR.debug.xcconfig */,
				26E3DA6D24A3D6B800E00A3D /* RIR.release.xcconfig */,
				26E3DA6B24A3D6B700E00A3D /* RIR.staging.xcconfig */,
			);
			path = Environment;
			sourceTree = "<group>";
		};
		26E3DA5F24A3C4B600E00A3D /* Localization */ = {
			isa = PBXGroup;
			children = (
				26E3DA6824A3C53100E00A3D /* App.strings */,
			);
			path = Localization;
			sourceTree = "<group>";
		};
		26E3DA6024A3C4BE00E00A3D /* Model */ = {
			isa = PBXGroup;
			children = (
				26E3DA8224A3DA8B00E00A3D /* Image.swift */,
			);
			path = Model;
			sourceTree = "<group>";
		};
		26E3DA6124A3C4C700E00A3D /* Scene */ = {
			isa = PBXGroup;
			children = (
				26E3DA7B24A3D9DE00E00A3D /* ImageList */,
			);
			path = Scene;
			sourceTree = "<group>";
		};
		26E3DA6224A3C4D000E00A3D /* Service */ = {
			isa = PBXGroup;
			children = (
				26E3DA8524A3FCAA00E00A3D /* RestClient.swift */,
			);
			path = Service;
			sourceTree = "<group>";
		};
		26E3DA6324A3C4DE00E00A3D /* Utility */ = {
			isa = PBXGroup;
			children = (
				26E3DA7524A3D87400E00A3D /* Constants.swift */,
				26E3DA7624A3D87500E00A3D /* Utils.swift */,
				26E3DA6924A3C56800E00A3D /* Localization.swift */,
				2688660024A7912900E8E18C /* RIRError.swift */,
			);
			path = Utility;
			sourceTree = "<group>";
		};
		26E3DA7B24A3D9DE00E00A3D /* ImageList */ = {
			isa = PBXGroup;
			children = (
				26E3DA7C24A3DA1100E00A3D /* ImageListViewController.swift */,
				26E3DA7E24A3DA3100E00A3D /* ImageListViewModel.swift */,
				26E3DA8024A3DA5A00E00A3D /* ImageListCoordinator.swift */,
				26EA673724A5354B00B6C02C /* ImageCollectionViewCell.swift */,
				26A084D924A6561C00FF2922 /* ImageViewData.swift */,
			);
			path = ImageList;
			sourceTree = "<group>";
		};
		817FAC590ED079E00180BFFC /* Pods */ = {
			isa = PBXGroup;
			children = (
				94EDD09A76F181213552E195 /* Pods-RestImageRender.debug.xcconfig */,
				877A59E8C1F9539C579CBCB3 /* Pods-RestImageRender.release.xcconfig */,
				C29B4E51A37998C42B64FF3C /* Pods-RestImageRender-RestImageRenderUITests.debug.xcconfig */,
				C48E8DEF960A336FDFE93D23 /* Pods-RestImageRender-RestImageRenderUITests.release.xcconfig */,
				6BBDAAE7C91A94C75BFF9BA7 /* Pods-RestImageRenderTests.debug.xcconfig */,
				96B8408737E1C809D1F67609 /* Pods-RestImageRenderTests.release.xcconfig */,
				9CFD089F923141335EAE9738 /* Pods-RestImageRender.staging.xcconfig */,
				035AB7FB1498D83A85BDFFD6 /* Pods-RestImageRender-RestImageRenderUITests.staging.xcconfig */,
				D493E58FBBCEF2F18E21BCF4 /* Pods-RestImageRenderTests.staging.xcconfig */,
			);
			path = Pods;
			sourceTree = "<group>";
		};
/* End PBXGroup section */

/* Begin PBXNativeTarget section */
		26E3DA2824A3C31200E00A3D /* RestImageRender */ = {
			isa = PBXNativeTarget;
			buildConfigurationList = 26E3DA5324A3C31400E00A3D /* Build configuration list for PBXNativeTarget "RestImageRender" */;
			buildPhases = (
				9AB25B8DF7E409B18A198B72 /* [CP] Check Pods Manifest.lock */,
				26E3DA2524A3C31200E00A3D /* Sources */,
				26E3DA2624A3C31200E00A3D /* Frameworks */,
				26E3DA2724A3C31200E00A3D /* Resources */,
				C22562CE8DF7F771FDECE927 /* [CP] Embed Pods Frameworks */,
				26E3DA8424A3DF2A00E00A3D /* ShellScript */,
			);
			buildRules = (
			);
			dependencies = (
			);
			name = RestImageRender;
			productName = RestImageRender;
			productReference = 26E3DA2924A3C31200E00A3D /* RestImageRender.app */;
			productType = "com.apple.product-type.application";
		};
		26E3DA3E24A3C31400E00A3D /* RestImageRenderTests */ = {
			isa = PBXNativeTarget;
			buildConfigurationList = 26E3DA5624A3C31400E00A3D /* Build configuration list for PBXNativeTarget "RestImageRenderTests" */;
			buildPhases = (
				6251054B325368B6E326436D /* [CP] Check Pods Manifest.lock */,
				26E3DA3B24A3C31400E00A3D /* Sources */,
				26E3DA3C24A3C31400E00A3D /* Frameworks */,
				26E3DA3D24A3C31400E00A3D /* Resources */,
			);
			buildRules = (
			);
			dependencies = (
				26E3DA4124A3C31400E00A3D /* PBXTargetDependency */,
			);
			name = RestImageRenderTests;
			productName = RestImageRenderTests;
			productReference = 26E3DA3F24A3C31400E00A3D /* RestImageRenderTests.xctest */;
			productType = "com.apple.product-type.bundle.unit-test";
		};
		26E3DA4924A3C31400E00A3D /* RestImageRenderUITests */ = {
			isa = PBXNativeTarget;
			buildConfigurationList = 26E3DA5924A3C31400E00A3D /* Build configuration list for PBXNativeTarget "RestImageRenderUITests" */;
			buildPhases = (
				9A47D1968F8604C4A74A3E21 /* [CP] Check Pods Manifest.lock */,
				26E3DA4624A3C31400E00A3D /* Sources */,
				26E3DA4724A3C31400E00A3D /* Frameworks */,
				26E3DA4824A3C31400E00A3D /* Resources */,
				D08749CF890C2480B8F4EA6C /* [CP] Embed Pods Frameworks */,
			);
			buildRules = (
			);
			dependencies = (
				26E3DA4C24A3C31400E00A3D /* PBXTargetDependency */,
			);
			name = RestImageRenderUITests;
			productName = RestImageRenderUITests;
			productReference = 26E3DA4A24A3C31400E00A3D /* RestImageRenderUITests.xctest */;
			productType = "com.apple.product-type.bundle.ui-testing";
		};
/* End PBXNativeTarget section */

/* Begin PBXProject section */
		26E3DA2124A3C31200E00A3D /* Project object */ = {
			isa = PBXProject;
			attributes = {
				LastSwiftUpdateCheck = 1130;
				LastUpgradeCheck = 1130;
				ORGANIZATIONNAME = "Ranjan-iOS";
				TargetAttributes = {
					26E3DA2824A3C31200E00A3D = {
						CreatedOnToolsVersion = 11.3.1;
					};
					26E3DA3E24A3C31400E00A3D = {
						CreatedOnToolsVersion = 11.3.1;
						TestTargetID = 26E3DA2824A3C31200E00A3D;
					};
					26E3DA4924A3C31400E00A3D = {
						CreatedOnToolsVersion = 11.3.1;
						TestTargetID = 26E3DA2824A3C31200E00A3D;
					};
				};
			};
			buildConfigurationList = 26E3DA2424A3C31200E00A3D /* Build configuration list for PBXProject "RestImageRender" */;
			compatibilityVersion = "Xcode 9.3";
			developmentRegion = en;
			hasScannedForEncodings = 0;
			knownRegions = (
				en,
				Base,
			);
			mainGroup = 26E3DA2024A3C31200E00A3D;
			productRefGroup = 26E3DA2A24A3C31200E00A3D /* Products */;
			projectDirPath = "";
			projectRoot = "";
			targets = (
				26E3DA2824A3C31200E00A3D /* RestImageRender */,
				26E3DA3E24A3C31400E00A3D /* RestImageRenderTests */,
				26E3DA4924A3C31400E00A3D /* RestImageRenderUITests */,
			);
		};
/* End PBXProject section */

/* Begin PBXResourcesBuildPhase section */
		26E3DA2724A3C31200E00A3D /* Resources */ = {
			isa = PBXResourcesBuildPhase;
			buildActionMask = 2147483647;
			files = (
				26E3DA3924A3C31400E00A3D /* LaunchScreen.storyboard in Resources */,
				26E3DA6624A3C53100E00A3D /* App.strings in Resources */,
				26E3DA3624A3C31400E00A3D /* Assets.xcassets in Resources */,
				26E3DA6E24A3D6B800E00A3D /* RIR.staging.xcconfig in Resources */,
				26E3DA6F24A3D6B800E00A3D /* RIR.debug.xcconfig in Resources */,
				26E3DA7024A3D6B800E00A3D /* RIR.release.xcconfig in Resources */,
			);
			runOnlyForDeploymentPostprocessing = 0;
		};
		26E3DA3D24A3C31400E00A3D /* Resources */ = {
			isa = PBXResourcesBuildPhase;
			buildActionMask = 2147483647;
			files = (
			);
			runOnlyForDeploymentPostprocessing = 0;
		};
		26E3DA4824A3C31400E00A3D /* Resources */ = {
			isa = PBXResourcesBuildPhase;
			buildActionMask = 2147483647;
			files = (
			);
			runOnlyForDeploymentPostprocessing = 0;
		};
/* End PBXResourcesBuildPhase section */

/* Begin PBXShellScriptBuildPhase section */
		26E3DA8424A3DF2A00E00A3D /* ShellScript */ = {
			isa = PBXShellScriptBuildPhase;
			buildActionMask = 2147483647;
			files = (
			);
			inputFileListPaths = (
			);
			inputPaths = (
			);
			outputFileListPaths = (
			);
			outputPaths = (
			);
			runOnlyForDeploymentPostprocessing = 0;
			shellPath = /bin/sh;
			shellScript = "# Type a script or drag a script file from your workspace to insert its path.\nif which swiftlint >/dev/null; then\n  swiftlint\nelse echo \"warning: SwiftLint not installed, download from https://github.com/realm/SwiftLint\"\nfi\n";
		};
		6251054B325368B6E326436D /* [CP] Check Pods Manifest.lock */ = {
			isa = PBXShellScriptBuildPhase;
			buildActionMask = 2147483647;
			files = (
			);
			inputFileListPaths = (
			);
			inputPaths = (
				"${PODS_PODFILE_DIR_PATH}/Podfile.lock",
				"${PODS_ROOT}/Manifest.lock",
			);
			name = "[CP] Check Pods Manifest.lock";
			outputFileListPaths = (
			);
			outputPaths = (
				"$(DERIVED_FILE_DIR)/Pods-RestImageRenderTests-checkManifestLockResult.txt",
			);
			runOnlyForDeploymentPostprocessing = 0;
			shellPath = /bin/sh;
			shellScript = "diff \"${PODS_PODFILE_DIR_PATH}/Podfile.lock\" \"${PODS_ROOT}/Manifest.lock\" > /dev/null\nif [ $? != 0 ] ; then\n    # print error to STDERR\n    echo \"error: The sandbox is not in sync with the Podfile.lock. Run 'pod install' or update your CocoaPods installation.\" >&2\n    exit 1\nfi\n# This output is used by Xcode 'outputs' to avoid re-running this script phase.\necho \"SUCCESS\" > \"${SCRIPT_OUTPUT_FILE_0}\"\n";
			showEnvVarsInLog = 0;
		};
		9A47D1968F8604C4A74A3E21 /* [CP] Check Pods Manifest.lock */ = {
			isa = PBXShellScriptBuildPhase;
			buildActionMask = 2147483647;
			files = (
			);
			inputFileListPaths = (
			);
			inputPaths = (
				"${PODS_PODFILE_DIR_PATH}/Podfile.lock",
				"${PODS_ROOT}/Manifest.lock",
			);
			name = "[CP] Check Pods Manifest.lock";
			outputFileListPaths = (
			);
			outputPaths = (
				"$(DERIVED_FILE_DIR)/Pods-RestImageRender-RestImageRenderUITests-checkManifestLockResult.txt",
			);
			runOnlyForDeploymentPostprocessing = 0;
			shellPath = /bin/sh;
			shellScript = "diff \"${PODS_PODFILE_DIR_PATH}/Podfile.lock\" \"${PODS_ROOT}/Manifest.lock\" > /dev/null\nif [ $? != 0 ] ; then\n    # print error to STDERR\n    echo \"error: The sandbox is not in sync with the Podfile.lock. Run 'pod install' or update your CocoaPods installation.\" >&2\n    exit 1\nfi\n# This output is used by Xcode 'outputs' to avoid re-running this script phase.\necho \"SUCCESS\" > \"${SCRIPT_OUTPUT_FILE_0}\"\n";
			showEnvVarsInLog = 0;
		};
		9AB25B8DF7E409B18A198B72 /* [CP] Check Pods Manifest.lock */ = {
			isa = PBXShellScriptBuildPhase;
			buildActionMask = 2147483647;
			files = (
			);
			inputFileListPaths = (
			);
			inputPaths = (
				"${PODS_PODFILE_DIR_PATH}/Podfile.lock",
				"${PODS_ROOT}/Manifest.lock",
			);
			name = "[CP] Check Pods Manifest.lock";
			outputFileListPaths = (
			);
			outputPaths = (
				"$(DERIVED_FILE_DIR)/Pods-RestImageRender-checkManifestLockResult.txt",
			);
			runOnlyForDeploymentPostprocessing = 0;
			shellPath = /bin/sh;
			shellScript = "diff \"${PODS_PODFILE_DIR_PATH}/Podfile.lock\" \"${PODS_ROOT}/Manifest.lock\" > /dev/null\nif [ $? != 0 ] ; then\n    # print error to STDERR\n    echo \"error: The sandbox is not in sync with the Podfile.lock. Run 'pod install' or update your CocoaPods installation.\" >&2\n    exit 1\nfi\n# This output is used by Xcode 'outputs' to avoid re-running this script phase.\necho \"SUCCESS\" > \"${SCRIPT_OUTPUT_FILE_0}\"\n";
			showEnvVarsInLog = 0;
		};
		C22562CE8DF7F771FDECE927 /* [CP] Embed Pods Frameworks */ = {
			isa = PBXShellScriptBuildPhase;
			buildActionMask = 2147483647;
			files = (
			);
			inputFileListPaths = (
				"${PODS_ROOT}/Target Support Files/Pods-RestImageRender/Pods-RestImageRender-frameworks-${CONFIGURATION}-input-files.xcfilelist",
			);
			name = "[CP] Embed Pods Frameworks";
			outputFileListPaths = (
				"${PODS_ROOT}/Target Support Files/Pods-RestImageRender/Pods-RestImageRender-frameworks-${CONFIGURATION}-output-files.xcfilelist",
			);
			runOnlyForDeploymentPostprocessing = 0;
			shellPath = /bin/sh;
			shellScript = "\"${PODS_ROOT}/Target Support Files/Pods-RestImageRender/Pods-RestImageRender-frameworks.sh\"\n";
			showEnvVarsInLog = 0;
		};
		D08749CF890C2480B8F4EA6C /* [CP] Embed Pods Frameworks */ = {
			isa = PBXShellScriptBuildPhase;
			buildActionMask = 2147483647;
			files = (
			);
			inputFileListPaths = (
				"${PODS_ROOT}/Target Support Files/Pods-RestImageRender-RestImageRenderUITests/Pods-RestImageRender-RestImageRenderUITests-frameworks-${CONFIGURATION}-input-files.xcfilelist",
			);
			name = "[CP] Embed Pods Frameworks";
			outputFileListPaths = (
				"${PODS_ROOT}/Target Support Files/Pods-RestImageRender-RestImageRenderUITests/Pods-RestImageRender-RestImageRenderUITests-frameworks-${CONFIGURATION}-output-files.xcfilelist",
			);
			runOnlyForDeploymentPostprocessing = 0;
			shellPath = /bin/sh;
			shellScript = "\"${PODS_ROOT}/Target Support Files/Pods-RestImageRender-RestImageRenderUITests/Pods-RestImageRender-RestImageRenderUITests-frameworks.sh\"\n";
			showEnvVarsInLog = 0;
		};
/* End PBXShellScriptBuildPhase section */

/* Begin PBXSourcesBuildPhase section */
		26E3DA2524A3C31200E00A3D /* Sources */ = {
			isa = PBXSourcesBuildPhase;
			buildActionMask = 2147483647;
			files = (
				26E3DA8124A3DA5A00E00A3D /* ImageListCoordinator.swift in Sources */,
				26EA673824A5354B00B6C02C /* ImageCollectionViewCell.swift in Sources */,
				2688660124A7912900E8E18C /* RIRError.swift in Sources */,
				26E3DA8324A3DA8B00E00A3D /* Image.swift in Sources */,
				26E3DA7D24A3DA1100E00A3D /* ImageListViewController.swift in Sources */,
				26E3DA7F24A3DA3100E00A3D /* ImageListViewModel.swift in Sources */,
				26E3DA6A24A3C56800E00A3D /* Localization.swift in Sources */,
				26A084DA24A6561C00FF2922 /* ImageViewData.swift in Sources */,
				26E3DA2D24A3C31200E00A3D /* AppDelegate.swift in Sources */,
				26E3DA7A24A3D99400E00A3D /* AppCoordinator.swift in Sources */,
				26E3DA7724A3D87500E00A3D /* Constants.swift in Sources */,
				26E3DA8624A3FCAA00E00A3D /* RestClient.swift in Sources */,
				26E3DA7824A3D87500E00A3D /* Utils.swift in Sources */,
			);
			runOnlyForDeploymentPostprocessing = 0;
		};
		26E3DA3B24A3C31400E00A3D /* Sources */ = {
			isa = PBXSourcesBuildPhase;
			buildActionMask = 2147483647;
			files = (
				26E3DA4424A3C31400E00A3D /* RestImageRenderTests.swift in Sources */,
			);
			runOnlyForDeploymentPostprocessing = 0;
		};
		26E3DA4624A3C31400E00A3D /* Sources */ = {
			isa = PBXSourcesBuildPhase;
			buildActionMask = 2147483647;
			files = (
				26E3DA4F24A3C31400E00A3D /* RestImageRenderUITests.swift in Sources */,
			);
			runOnlyForDeploymentPostprocessing = 0;
		};
/* End PBXSourcesBuildPhase section */

/* Begin PBXTargetDependency section */
		26E3DA4124A3C31400E00A3D /* PBXTargetDependency */ = {
			isa = PBXTargetDependency;
			target = 26E3DA2824A3C31200E00A3D /* RestImageRender */;
			targetProxy = 26E3DA4024A3C31400E00A3D /* PBXContainerItemProxy */;
		};
		26E3DA4C24A3C31400E00A3D /* PBXTargetDependency */ = {
			isa = PBXTargetDependency;
			target = 26E3DA2824A3C31200E00A3D /* RestImageRender */;
			targetProxy = 26E3DA4B24A3C31400E00A3D /* PBXContainerItemProxy */;
		};
/* End PBXTargetDependency section */

/* Begin PBXVariantGroup section */
		26E3DA3724A3C31400E00A3D /* LaunchScreen.storyboard */ = {
			isa = PBXVariantGroup;
			children = (
				26E3DA3824A3C31400E00A3D /* Base */,
			);
			name = LaunchScreen.storyboard;
			sourceTree = "<group>";
		};
		26E3DA6824A3C53100E00A3D /* App.strings */ = {
			isa = PBXVariantGroup;
			children = (
				26E3DA6724A3C53100E00A3D /* en */,
			);
			name = App.strings;
			sourceTree = "<group>";
		};
/* End PBXVariantGroup section */

/* Begin XCBuildConfiguration section */
		26E3DA5124A3C31400E00A3D /* Debug */ = {
			isa = XCBuildConfiguration;
			baseConfigurationReference = 26E3DA6C24A3D6B700E00A3D /* RIR.debug.xcconfig */;
			buildSettings = {
				ALWAYS_SEARCH_USER_PATHS = NO;
				CLANG_ANALYZER_NONNULL = YES;
				CLANG_ANALYZER_NUMBER_OBJECT_CONVERSION = YES_AGGRESSIVE;
				CLANG_CXX_LANGUAGE_STANDARD = "gnu++14";
				CLANG_CXX_LIBRARY = "libc++";
				CLANG_ENABLE_MODULES = YES;
				CLANG_ENABLE_OBJC_ARC = YES;
				CLANG_ENABLE_OBJC_WEAK = YES;
				CLANG_WARN_BLOCK_CAPTURE_AUTORELEASING = YES;
				CLANG_WARN_BOOL_CONVERSION = YES;
				CLANG_WARN_COMMA = YES;
				CLANG_WARN_CONSTANT_CONVERSION = YES;
				CLANG_WARN_DEPRECATED_OBJC_IMPLEMENTATIONS = YES;
				CLANG_WARN_DIRECT_OBJC_ISA_USAGE = YES_ERROR;
				CLANG_WARN_DOCUMENTATION_COMMENTS = YES;
				CLANG_WARN_EMPTY_BODY = YES;
				CLANG_WARN_ENUM_CONVERSION = YES;
				CLANG_WARN_INFINITE_RECURSION = YES;
				CLANG_WARN_INT_CONVERSION = YES;
				CLANG_WARN_NON_LITERAL_NULL_CONVERSION = YES;
				CLANG_WARN_OBJC_IMPLICIT_RETAIN_SELF = YES;
				CLANG_WARN_OBJC_LITERAL_CONVERSION = YES;
				CLANG_WARN_OBJC_ROOT_CLASS = YES_ERROR;
				CLANG_WARN_RANGE_LOOP_ANALYSIS = YES;
				CLANG_WARN_STRICT_PROTOTYPES = YES;
				CLANG_WARN_SUSPICIOUS_MOVE = YES;
				CLANG_WARN_UNGUARDED_AVAILABILITY = YES_AGGRESSIVE;
				CLANG_WARN_UNREACHABLE_CODE = YES;
				CLANG_WARN__DUPLICATE_METHOD_MATCH = YES;
				COPY_PHASE_STRIP = NO;
				DEBUG_INFORMATION_FORMAT = dwarf;
				ENABLE_STRICT_OBJC_MSGSEND = YES;
				ENABLE_TESTABILITY = YES;
				GCC_C_LANGUAGE_STANDARD = gnu11;
				GCC_DYNAMIC_NO_PIC = NO;
				GCC_NO_COMMON_BLOCKS = YES;
				GCC_OPTIMIZATION_LEVEL = 0;
				GCC_PREPROCESSOR_DEFINITIONS = (
					"DEBUG=1",
					"$(inherited)",
				);
				GCC_WARN_64_TO_32_BIT_CONVERSION = YES;
				GCC_WARN_ABOUT_RETURN_TYPE = YES_ERROR;
				GCC_WARN_UNDECLARED_SELECTOR = YES;
				GCC_WARN_UNINITIALIZED_AUTOS = YES_AGGRESSIVE;
				GCC_WARN_UNUSED_FUNCTION = YES;
				GCC_WARN_UNUSED_VARIABLE = YES;
				IPHONEOS_DEPLOYMENT_TARGET = 13.2;
				MTL_ENABLE_DEBUG_INFO = INCLUDE_SOURCE;
				MTL_FAST_MATH = YES;
				ONLY_ACTIVE_ARCH = YES;
				SDKROOT = iphoneos;
				SWIFT_ACTIVE_COMPILATION_CONDITIONS = DEBUG;
				SWIFT_OPTIMIZATION_LEVEL = "-Onone";
			};
			name = Debug;
		};
		26E3DA5224A3C31400E00A3D /* Release */ = {
			isa = XCBuildConfiguration;
			baseConfigurationReference = 26E3DA6D24A3D6B800E00A3D /* RIR.release.xcconfig */;
			buildSettings = {
				ALWAYS_SEARCH_USER_PATHS = NO;
				CLANG_ANALYZER_NONNULL = YES;
				CLANG_ANALYZER_NUMBER_OBJECT_CONVERSION = YES_AGGRESSIVE;
				CLANG_CXX_LANGUAGE_STANDARD = "gnu++14";
				CLANG_CXX_LIBRARY = "libc++";
				CLANG_ENABLE_MODULES = YES;
				CLANG_ENABLE_OBJC_ARC = YES;
				CLANG_ENABLE_OBJC_WEAK = YES;
				CLANG_WARN_BLOCK_CAPTURE_AUTORELEASING = YES;
				CLANG_WARN_BOOL_CONVERSION = YES;
				CLANG_WARN_COMMA = YES;
				CLANG_WARN_CONSTANT_CONVERSION = YES;
				CLANG_WARN_DEPRECATED_OBJC_IMPLEMENTATIONS = YES;
				CLANG_WARN_DIRECT_OBJC_ISA_USAGE = YES_ERROR;
				CLANG_WARN_DOCUMENTATION_COMMENTS = YES;
				CLANG_WARN_EMPTY_BODY = YES;
				CLANG_WARN_ENUM_CONVERSION = YES;
				CLANG_WARN_INFINITE_RECURSION = YES;
				CLANG_WARN_INT_CONVERSION = YES;
				CLANG_WARN_NON_LITERAL_NULL_CONVERSION = YES;
				CLANG_WARN_OBJC_IMPLICIT_RETAIN_SELF = YES;
				CLANG_WARN_OBJC_LITERAL_CONVERSION = YES;
				CLANG_WARN_OBJC_ROOT_CLASS = YES_ERROR;
				CLANG_WARN_RANGE_LOOP_ANALYSIS = YES;
				CLANG_WARN_STRICT_PROTOTYPES = YES;
				CLANG_WARN_SUSPICIOUS_MOVE = YES;
				CLANG_WARN_UNGUARDED_AVAILABILITY = YES_AGGRESSIVE;
				CLANG_WARN_UNREACHABLE_CODE = YES;
				CLANG_WARN__DUPLICATE_METHOD_MATCH = YES;
				COPY_PHASE_STRIP = NO;
				DEBUG_INFORMATION_FORMAT = "dwarf-with-dsym";
				ENABLE_NS_ASSERTIONS = NO;
				ENABLE_STRICT_OBJC_MSGSEND = YES;
				GCC_C_LANGUAGE_STANDARD = gnu11;
				GCC_NO_COMMON_BLOCKS = YES;
				GCC_WARN_64_TO_32_BIT_CONVERSION = YES;
				GCC_WARN_ABOUT_RETURN_TYPE = YES_ERROR;
				GCC_WARN_UNDECLARED_SELECTOR = YES;
				GCC_WARN_UNINITIALIZED_AUTOS = YES_AGGRESSIVE;
				GCC_WARN_UNUSED_FUNCTION = YES;
				GCC_WARN_UNUSED_VARIABLE = YES;
				IPHONEOS_DEPLOYMENT_TARGET = 13.2;
				MTL_ENABLE_DEBUG_INFO = NO;
				MTL_FAST_MATH = YES;
				SDKROOT = iphoneos;
				SWIFT_COMPILATION_MODE = wholemodule;
				SWIFT_OPTIMIZATION_LEVEL = "-O";
				VALIDATE_PRODUCT = YES;
			};
			name = Release;
		};
		26E3DA5424A3C31400E00A3D /* Debug */ = {
			isa = XCBuildConfiguration;
			baseConfigurationReference = 94EDD09A76F181213552E195 /* Pods-RestImageRender.debug.xcconfig */;
			buildSettings = {
				ASSETCATALOG_COMPILER_APPICON_NAME = AppIcon;
				CODE_SIGN_STYLE = Automatic;
				DEVELOPMENT_TEAM = DMMP6D5MK9;
				INFOPLIST_FILE = RestImageRender/Info.plist;
				IPHONEOS_DEPLOYMENT_TARGET = 11.1;
				LD_RUNPATH_SEARCH_PATHS = (
					"$(inherited)",
					"@executable_path/Frameworks",
				);
				PRODUCT_BUNDLE_IDENTIFIER = com.ranjan.RestImageRender;
				PRODUCT_NAME = "$(TARGET_NAME)";
				SWIFT_VERSION = 5.0;
				TARGETED_DEVICE_FAMILY = "1,2";
			};
			name = Debug;
		};
		26E3DA5524A3C31400E00A3D /* Release */ = {
			isa = XCBuildConfiguration;
			baseConfigurationReference = 877A59E8C1F9539C579CBCB3 /* Pods-RestImageRender.release.xcconfig */;
			buildSettings = {
				ASSETCATALOG_COMPILER_APPICON_NAME = AppIcon;
				CODE_SIGN_STYLE = Automatic;
				DEVELOPMENT_TEAM = DMMP6D5MK9;
				INFOPLIST_FILE = RestImageRender/Info.plist;
				IPHONEOS_DEPLOYMENT_TARGET = 11.1;
				LD_RUNPATH_SEARCH_PATHS = (
					"$(inherited)",
					"@executable_path/Frameworks",
				);
				PRODUCT_BUNDLE_IDENTIFIER = com.ranjan.RestImageRender;
				PRODUCT_NAME = "$(TARGET_NAME)";
				SWIFT_VERSION = 5.0;
				TARGETED_DEVICE_FAMILY = "1,2";
			};
			name = Release;
		};
		26E3DA5724A3C31400E00A3D /* Debug */ = {
			isa = XCBuildConfiguration;
			baseConfigurationReference = 6BBDAAE7C91A94C75BFF9BA7 /* Pods-RestImageRenderTests.debug.xcconfig */;
			buildSettings = {
				ALWAYS_EMBED_SWIFT_STANDARD_LIBRARIES = YES;
				BUNDLE_LOADER = "$(TEST_HOST)";
				CODE_SIGN_STYLE = Automatic;
				DEVELOPMENT_TEAM = DMMP6D5MK9;
				INFOPLIST_FILE = RestImageRenderTests/Info.plist;
				IPHONEOS_DEPLOYMENT_TARGET = 13.2;
				LD_RUNPATH_SEARCH_PATHS = (
					"$(inherited)",
					"@executable_path/Frameworks",
					"@loader_path/Frameworks",
				);
				PRODUCT_BUNDLE_IDENTIFIER = com.ranjan.RestImageRenderTests;
				PRODUCT_NAME = "$(TARGET_NAME)";
				SWIFT_VERSION = 5.0;
				TARGETED_DEVICE_FAMILY = "1,2";
				TEST_HOST = "$(BUILT_PRODUCTS_DIR)/RestImageRender.app/RestImageRender";
			};
			name = Debug;
		};
		26E3DA5824A3C31400E00A3D /* Release */ = {
			isa = XCBuildConfiguration;
			baseConfigurationReference = 96B8408737E1C809D1F67609 /* Pods-RestImageRenderTests.release.xcconfig */;
			buildSettings = {
				ALWAYS_EMBED_SWIFT_STANDARD_LIBRARIES = YES;
				BUNDLE_LOADER = "$(TEST_HOST)";
				CODE_SIGN_STYLE = Automatic;
				DEVELOPMENT_TEAM = DMMP6D5MK9;
				INFOPLIST_FILE = RestImageRenderTests/Info.plist;
				IPHONEOS_DEPLOYMENT_TARGET = 13.2;
				LD_RUNPATH_SEARCH_PATHS = (
					"$(inherited)",
					"@executable_path/Frameworks",
					"@loader_path/Frameworks",
				);
				PRODUCT_BUNDLE_IDENTIFIER = com.ranjan.RestImageRenderTests;
				PRODUCT_NAME = "$(TARGET_NAME)";
				SWIFT_VERSION = 5.0;
				TARGETED_DEVICE_FAMILY = "1,2";
				TEST_HOST = "$(BUILT_PRODUCTS_DIR)/RestImageRender.app/RestImageRender";
			};
			name = Release;
		};
		26E3DA5A24A3C31400E00A3D /* Debug */ = {
			isa = XCBuildConfiguration;
			baseConfigurationReference = C29B4E51A37998C42B64FF3C /* Pods-RestImageRender-RestImageRenderUITests.debug.xcconfig */;
			buildSettings = {
				ALWAYS_EMBED_SWIFT_STANDARD_LIBRARIES = YES;
				CODE_SIGN_STYLE = Automatic;
				DEVELOPMENT_TEAM = DMMP6D5MK9;
				INFOPLIST_FILE = RestImageRenderUITests/Info.plist;
				LD_RUNPATH_SEARCH_PATHS = (
					"$(inherited)",
					"@executable_path/Frameworks",
					"@loader_path/Frameworks",
				);
				PRODUCT_BUNDLE_IDENTIFIER = com.ranjan.RestImageRenderUITests;
				PRODUCT_NAME = "$(TARGET_NAME)";
				SWIFT_VERSION = 5.0;
				TARGETED_DEVICE_FAMILY = "1,2";
				TEST_TARGET_NAME = RestImageRender;
			};
			name = Debug;
		};
		26E3DA5B24A3C31400E00A3D /* Release */ = {
			isa = XCBuildConfiguration;
			baseConfigurationReference = C48E8DEF960A336FDFE93D23 /* Pods-RestImageRender-RestImageRenderUITests.release.xcconfig */;
			buildSettings = {
				ALWAYS_EMBED_SWIFT_STANDARD_LIBRARIES = YES;
				CODE_SIGN_STYLE = Automatic;
				DEVELOPMENT_TEAM = DMMP6D5MK9;
				INFOPLIST_FILE = RestImageRenderUITests/Info.plist;
				LD_RUNPATH_SEARCH_PATHS = (
					"$(inherited)",
					"@executable_path/Frameworks",
					"@loader_path/Frameworks",
				);
				PRODUCT_BUNDLE_IDENTIFIER = com.ranjan.RestImageRenderUITests;
				PRODUCT_NAME = "$(TARGET_NAME)";
				SWIFT_VERSION = 5.0;
				TARGETED_DEVICE_FAMILY = "1,2";
				TEST_TARGET_NAME = RestImageRender;
			};
			name = Release;
		};
		26E3DA7124A3D6E800E00A3D /* Staging */ = {
			isa = XCBuildConfiguration;
			baseConfigurationReference = 26E3DA6B24A3D6B700E00A3D /* RIR.staging.xcconfig */;
			buildSettings = {
				ALWAYS_SEARCH_USER_PATHS = NO;
				CLANG_ANALYZER_NONNULL = YES;
				CLANG_ANALYZER_NUMBER_OBJECT_CONVERSION = YES_AGGRESSIVE;
				CLANG_CXX_LANGUAGE_STANDARD = "gnu++14";
				CLANG_CXX_LIBRARY = "libc++";
				CLANG_ENABLE_MODULES = YES;
				CLANG_ENABLE_OBJC_ARC = YES;
				CLANG_ENABLE_OBJC_WEAK = YES;
				CLANG_WARN_BLOCK_CAPTURE_AUTORELEASING = YES;
				CLANG_WARN_BOOL_CONVERSION = YES;
				CLANG_WARN_COMMA = YES;
				CLANG_WARN_CONSTANT_CONVERSION = YES;
				CLANG_WARN_DEPRECATED_OBJC_IMPLEMENTATIONS = YES;
				CLANG_WARN_DIRECT_OBJC_ISA_USAGE = YES_ERROR;
				CLANG_WARN_DOCUMENTATION_COMMENTS = YES;
				CLANG_WARN_EMPTY_BODY = YES;
				CLANG_WARN_ENUM_CONVERSION = YES;
				CLANG_WARN_INFINITE_RECURSION = YES;
				CLANG_WARN_INT_CONVERSION = YES;
				CLANG_WARN_NON_LITERAL_NULL_CONVERSION = YES;
				CLANG_WARN_OBJC_IMPLICIT_RETAIN_SELF = YES;
				CLANG_WARN_OBJC_LITERAL_CONVERSION = YES;
				CLANG_WARN_OBJC_ROOT_CLASS = YES_ERROR;
				CLANG_WARN_RANGE_LOOP_ANALYSIS = YES;
				CLANG_WARN_STRICT_PROTOTYPES = YES;
				CLANG_WARN_SUSPICIOUS_MOVE = YES;
				CLANG_WARN_UNGUARDED_AVAILABILITY = YES_AGGRESSIVE;
				CLANG_WARN_UNREACHABLE_CODE = YES;
				CLANG_WARN__DUPLICATE_METHOD_MATCH = YES;
				COPY_PHASE_STRIP = NO;
				DEBUG_INFORMATION_FORMAT = "dwarf-with-dsym";
				ENABLE_NS_ASSERTIONS = NO;
				ENABLE_STRICT_OBJC_MSGSEND = YES;
				GCC_C_LANGUAGE_STANDARD = gnu11;
				GCC_NO_COMMON_BLOCKS = YES;
				GCC_WARN_64_TO_32_BIT_CONVERSION = YES;
				GCC_WARN_ABOUT_RETURN_TYPE = YES_ERROR;
				GCC_WARN_UNDECLARED_SELECTOR = YES;
				GCC_WARN_UNINITIALIZED_AUTOS = YES_AGGRESSIVE;
				GCC_WARN_UNUSED_FUNCTION = YES;
				GCC_WARN_UNUSED_VARIABLE = YES;
				IPHONEOS_DEPLOYMENT_TARGET = 13.2;
				MTL_ENABLE_DEBUG_INFO = NO;
				MTL_FAST_MATH = YES;
				SDKROOT = iphoneos;
				SWIFT_COMPILATION_MODE = wholemodule;
				SWIFT_OPTIMIZATION_LEVEL = "-O";
				VALIDATE_PRODUCT = YES;
			};
			name = Staging;
		};
		26E3DA7224A3D6E800E00A3D /* Staging */ = {
			isa = XCBuildConfiguration;
			baseConfigurationReference = 9CFD089F923141335EAE9738 /* Pods-RestImageRender.staging.xcconfig */;
			buildSettings = {
				ASSETCATALOG_COMPILER_APPICON_NAME = AppIcon;
				CODE_SIGN_STYLE = Automatic;
				DEVELOPMENT_TEAM = DMMP6D5MK9;
				INFOPLIST_FILE = RestImageRender/Info.plist;
				IPHONEOS_DEPLOYMENT_TARGET = 11.1;
				LD_RUNPATH_SEARCH_PATHS = (
					"$(inherited)",
					"@executable_path/Frameworks",
				);
				PRODUCT_BUNDLE_IDENTIFIER = com.ranjan.RestImageRender;
				PRODUCT_NAME = "$(TARGET_NAME)";
				SWIFT_VERSION = 5.0;
				TARGETED_DEVICE_FAMILY = "1,2";
			};
			name = Staging;
		};
		26E3DA7324A3D6E800E00A3D /* Staging */ = {
			isa = XCBuildConfiguration;
			baseConfigurationReference = D493E58FBBCEF2F18E21BCF4 /* Pods-RestImageRenderTests.staging.xcconfig */;
			buildSettings = {
				ALWAYS_EMBED_SWIFT_STANDARD_LIBRARIES = YES;
				BUNDLE_LOADER = "$(TEST_HOST)";
				CODE_SIGN_STYLE = Automatic;
				DEVELOPMENT_TEAM = DMMP6D5MK9;
				INFOPLIST_FILE = RestImageRenderTests/Info.plist;
				IPHONEOS_DEPLOYMENT_TARGET = 13.2;
				LD_RUNPATH_SEARCH_PATHS = (
					"$(inherited)",
					"@executable_path/Frameworks",
					"@loader_path/Frameworks",
				);
				PRODUCT_BUNDLE_IDENTIFIER = com.ranjan.RestImageRenderTests;
				PRODUCT_NAME = "$(TARGET_NAME)";
				SWIFT_VERSION = 5.0;
				TARGETED_DEVICE_FAMILY = "1,2";
				TEST_HOST = "$(BUILT_PRODUCTS_DIR)/RestImageRender.app/RestImageRender";
			};
			name = Staging;
		};
		26E3DA7424A3D6E800E00A3D /* Staging */ = {
			isa = XCBuildConfiguration;
			baseConfigurationReference = 035AB7FB1498D83A85BDFFD6 /* Pods-RestImageRender-RestImageRenderUITests.staging.xcconfig */;
			buildSettings = {
				ALWAYS_EMBED_SWIFT_STANDARD_LIBRARIES = YES;
				CODE_SIGN_STYLE = Automatic;
				DEVELOPMENT_TEAM = DMMP6D5MK9;
				INFOPLIST_FILE = RestImageRenderUITests/Info.plist;
				LD_RUNPATH_SEARCH_PATHS = (
					"$(inherited)",
					"@executable_path/Frameworks",
					"@loader_path/Frameworks",
				);
				PRODUCT_BUNDLE_IDENTIFIER = com.ranjan.RestImageRenderUITests;
				PRODUCT_NAME = "$(TARGET_NAME)";
				SWIFT_VERSION = 5.0;
				TARGETED_DEVICE_FAMILY = "1,2";
				TEST_TARGET_NAME = RestImageRender;
			};
			name = Staging;
		};
/* End XCBuildConfiguration section */

/* Begin XCConfigurationList section */
		26E3DA2424A3C31200E00A3D /* Build configuration list for PBXProject "RestImageRender" */ = {
			isa = XCConfigurationList;
			buildConfigurations = (
				26E3DA5124A3C31400E00A3D /* Debug */,
				26E3DA5224A3C31400E00A3D /* Release */,
				26E3DA7124A3D6E800E00A3D /* Staging */,
			);
			defaultConfigurationIsVisible = 0;
			defaultConfigurationName = Release;
		};
		26E3DA5324A3C31400E00A3D /* Build configuration list for PBXNativeTarget "RestImageRender" */ = {
			isa = XCConfigurationList;
			buildConfigurations = (
				26E3DA5424A3C31400E00A3D /* Debug */,
				26E3DA5524A3C31400E00A3D /* Release */,
				26E3DA7224A3D6E800E00A3D /* Staging */,
			);
			defaultConfigurationIsVisible = 0;
			defaultConfigurationName = Release;
		};
		26E3DA5624A3C31400E00A3D /* Build configuration list for PBXNativeTarget "RestImageRenderTests" */ = {
			isa = XCConfigurationList;
			buildConfigurations = (
				26E3DA5724A3C31400E00A3D /* Debug */,
				26E3DA5824A3C31400E00A3D /* Release */,
				26E3DA7324A3D6E800E00A3D /* Staging */,
			);
			defaultConfigurationIsVisible = 0;
			defaultConfigurationName = Release;
		};
		26E3DA5924A3C31400E00A3D /* Build configuration list for PBXNativeTarget "RestImageRenderUITests" */ = {
			isa = XCConfigurationList;
			buildConfigurations = (
				26E3DA5A24A3C31400E00A3D /* Debug */,
				26E3DA5B24A3C31400E00A3D /* Release */,
				26E3DA7424A3D6E800E00A3D /* Staging */,
			);
			defaultConfigurationIsVisible = 0;
			defaultConfigurationName = Release;
		};
/* End XCConfigurationList section */
	};
	rootObject = 26E3DA2124A3C31200E00A3D /* Project object */;
}
